PODS:
  - Flutter (1.0.0)
  - FlutterPluginRegistrant (0.0.1):
    - Flutter
  - module (0.0.1):
    - Flutter
  - NXKit (0.9.9):
    - NXKit/Extensions (= 0.9.9)
    - NXKit/Foundation (= 0.9.9)
  - NXKit/Extensions (0.9.9):
    - NXKit/Foundation
  - NXKit/Foundation (0.9.9)

DEPENDENCIES:
  - Flutter (from `../module/.iOS/Flutter/engine`)
  - FlutterPluginRegistrant (from `../module/.iOS/Flutter/FlutterPluginRegistrant`)
  - module (from `../module/.iOS/Flutter`)
  - NXKit (from `../../../dev/NXKit`)

EXTERNAL SOURCES:
  Flutter:
    :path: "../module/.iOS/Flutter/engine"
  FlutterPluginRegistrant:
    :path: "../module/.iOS/Flutter/FlutterPluginRegistrant"
  module:
    :path: "../module/.iOS/Flutter"
  NXKit:
    :path: "../../../dev/NXKit"

SPEC CHECKSUMS:
  Flutter: bdfa2e8fe0e2880a2c6a58a0b1a8675c262a07af
  FlutterPluginRegistrant: 2afd5ea46d3a949472c9b7da6462d8fbf7d8b16e
  module: f2e72eb977d4e71e6db6f67498f808ffb7458901
  NXKit: 24ae9ea257b48588ce87031084dc97003459838b

PODFILE CHECKSUM: c64309770edbb3a93ef794bf6f168830349186c7

COCOAPODS: 1.11.2
